
Microsoft Visual Studio Solution File, Format Version 12.00
# Visual Studio Version 16
VisualStudioVersion = 16.0.35826.135
MinimumVisualStudioVersion = 10.0.40219.1
Project("{888888A0-9F3D-457C-B088-3A5042F75D52}") = "PythonApplicationAI", "PythonApplicationAI\PythonApplicationAI.pyproj", "{304BAFBB-D62F-4944-8CC6-674002B1F9AD}"
EndProject
Global
	GlobalSection(SolutionConfigurationPlatforms) = preSolution
		Debug|Any CPU = Debug|Any CPU
		Release|Any CPU = Release|Any CPU
	EndGlobalSection
	GlobalSection(ProjectConfigurationPlatforms) = postSolution
		{304BAFBB-D62F-4944-8CC6-674002B1F9AD}.Debug|Any CPU.ActiveCfg = Debug|Any CPU
		{304BAFBB-D62F-4944-8CC6-674002B1F9AD}.Release|Any CPU.ActiveCfg = Release|Any CPU
	EndGlobalSection
	GlobalSection(SolutionProperties) = preSolution
		HideSolutionNode = FALSE
	EndGlobalSection
	GlobalSection(ExtensibilityGlobals) = postSolution
		SolutionGuid = {6E55AA05-1B66-4980-A0ED-1D283D28C342}
	EndGlobalSection
EndGlobal
